
Microsoft Visual Studio Solution File, Format Version 12.00
# Visual Studio Version 17
VisualStudioVersion = 17.11.35327.3
MinimumVisualStudioVersion = 10.0.40219.1
Project("{FAE04EC0-301F-11D3-BF4B-00C04F79EFBC}") = "Rahhal_System1", "Rahhal_System1\Rahhal_System1.csproj", "{6448792D-08BC-48CD-B343-22BCD90D1F01}"
EndProject
Global
	GlobalSection(SolutionConfigurationPlatforms) = preSolution
		Debug|Any CPU = Debug|Any CPU
		Release|Any CPU = Release|Any CPU
	EndGlobalSection
	GlobalSection(ProjectConfigurationPlatforms) = postSolution
		{6448792D-08BC-48CD-B343-22BCD90D1F01}.Debug|Any CPU.ActiveCfg = Debug|Any CPU
		{6448792D-08BC-48CD-B343-22BCD90D1F01}.Debug|Any CPU.Build.0 = Debug|Any CPU
		{6448792D-08BC-48CD-B343-22BCD90D1F01}.Release|Any CPU.ActiveCfg = Release|Any CPU
		{6448792D-08BC-48CD-B343-22BCD90D1F01}.Release|Any CPU.Build.0 = Release|Any CPU
	EndGlobalSection
	GlobalSection(SolutionProperties) = preSolution
		HideSolutionNode = FALSE
	EndGlobalSection
	GlobalSection(ExtensibilityGlobals) = postSolution
		SolutionGuid = {EFC5ADD7-CD55-48E5-801A-EF8BD044A3F5}
	EndGlobalSection
EndGlobal
